
Microsoft Visual Studio Solution File, Format Version 12.00
# Visual Studio Version 16
VisualStudioVersion = 16.0.29613.14
MinimumVisualStudioVersion = 10.0.40219.1
Project("{FAE04EC0-301F-11D3-BF4B-00C04F79EFBC}") = "BNI Scrapper Tool", "BNI Scrapper Tool\BNI Scrapper Tool.csproj", "{FA900B69-3693-49EE-9E1E-D4FAFB311C59}"
EndProject
Global
	GlobalSection(SolutionConfigurationPlatforms) = preSolution
		Debug|Any CPU = Debug|Any CPU
		Release|Any CPU = Release|Any CPU
	EndGlobalSection
	GlobalSection(ProjectConfigurationPlatforms) = postSolution
		{FA900B69-3693-49EE-9E1E-D4FAFB311C59}.Debug|Any CPU.ActiveCfg = Debug|Any CPU
		{FA900B69-3693-49EE-9E1E-D4FAFB311C59}.Debug|Any CPU.Build.0 = Debug|Any CPU
		{FA900B69-3693-49EE-9E1E-D4FAFB311C59}.Release|Any CPU.ActiveCfg = Release|Any CPU
		{FA900B69-3693-49EE-9E1E-D4FAFB311C59}.Release|Any CPU.Build.0 = Release|Any CPU
	EndGlobalSection
	GlobalSection(SolutionProperties) = preSolution
		HideSolutionNode = FALSE
	EndGlobalSection
	GlobalSection(ExtensibilityGlobals) = postSolution
		SolutionGuid = {28982551-253E-4668-A847-309352413331}
	EndGlobalSection
EndGlobal
